// !$*UTF8*$!
{
	archiveVersion = 1;
	classes = {
	};
	objectVersion = 46;
	objects = {

/* Begin PBXBuildFile section */
		EB83D03F1A9F7B9A0082AFEB /* AppDelegate.swift in Sources */ = {isa = PBXBuildFile; fileRef = EB83D03E1A9F7B9A0082AFEB /* AppDelegate.swift */; };
		EB83D0411A9F7B9A0082AFEB /* ViewController.swift in Sources */ = {isa = PBXBuildFile; fileRef = EB83D0401A9F7B9A0082AFEB /* ViewController.swift */; };
		EB83D0441A9F7B9A0082AFEB /* Main.storyboard in Resources */ = {isa = PBXBuildFile; fileRef = EB83D0421A9F7B9A0082AFEB /* Main.storyboard */; };
		EB83D0461A9F7B9A0082AFEB /* Images.xcassets in Resources */ = {isa = PBXBuildFile; fileRef = EB83D0451A9F7B9A0082AFEB /* Images.xcassets */; };
		EB83D0491A9F7B9A0082AFEB /* LaunchScreen.xib in Resources */ = {isa = PBXBuildFile; fileRef = EB83D0471A9F7B9A0082AFEB /* LaunchScreen.xib */; };
		EB83D0551A9F7B9A0082AFEB /* ButtonTestTests.swift in Sources */ = {isa = PBXBuildFile; fileRef = EB83D0541A9F7B9A0082AFEB /* ButtonTestTests.swift */; };
		EB83D06A1A9F801A0082AFEB /* Buttons.swift in Sources */ = {isa = PBXBuildFile; fileRef = EB83D0691A9F801A0082AFEB /* Buttons.swift */; };
/* End PBXBuildFile section */

/* Begin PBXContainerItemProxy section */
		EB83D04F1A9F7B9A0082AFEB /* PBXContainerItemProxy */ = {
			isa = PBXContainerItemProxy;
			containerPortal = EB83D0311A9F7B9A0082AFEB /* Project object */;
			proxyType = 1;
			remoteGlobalIDString = EB83D0381A9F7B9A0082AFEB;
			remoteInfo = ButtonTest;
		};
/* End PBXContainerItemProxy section */

/* Begin PBXFileReference section */
		EB83D0391A9F7B9A0082AFEB /* ButtonTest.app */ = {isa = PBXFileReference; explicitFileType = wrapper.application; includeInIndex = 0; path = ButtonTest.app; sourceTree = BUILT_PRODUCTS_DIR; };
		EB83D03D1A9F7B9A0082AFEB /* Info.plist */ = {isa = PBXFileReference; lastKnownFileType = text.plist.xml; path = Info.plist; sourceTree = "<group>"; };
		EB83D03E1A9F7B9A0082AFEB /* AppDelegate.swift */ = {isa = PBXFileReference; lastKnownFileType = sourcecode.swift; path = AppDelegate.swift; sourceTree = "<group>"; };
		EB83D0401A9F7B9A0082AFEB /* ViewController.swift */ = {isa = PBXFileReference; lastKnownFileType = sourcecode.swift; path = ViewController.swift; sourceTree = "<group>"; };
		EB83D0431A9F7B9A0082AFEB /* Base */ = {isa = PBXFileReference; lastKnownFileType = file.storyboard; name = Base; path = Base.lproj/Main.storyboard; sourceTree = "<group>"; };
		EB83D0451A9F7B9A0082AFEB /* Images.xcassets */ = {isa = PBXFileReference; lastKnownFileType = folder.assetcatalog; path = Images.xcassets; sourceTree = "<group>"; };
		EB83D0481A9F7B9A0082AFEB /* Base */ = {isa = PBXFileReference; lastKnownFileType = file.xib; name = Base; path = Base.lproj/LaunchScreen.xib; sourceTree = "<group>"; };
		EB83D04E1A9F7B9A0082AFEB /* ButtonTestTests.xctest */ = {isa = PBXFileReference; explicitFileType = wrapper.cfbundle; includeInIndex = 0; path = ButtonTestTests.xctest; sourceTree = BUILT_PRODUCTS_DIR; };
		EB83D0531A9F7B9A0082AFEB /* Info.plist */ = {isa = PBXFileReference; lastKnownFileType = text.plist.xml; path = Info.plist; sourceTree = "<group>"; };
		EB83D0541A9F7B9A0082AFEB /* ButtonTestTests.swift */ = {isa = PBXFileReference; lastKnownFileType = sourcecode.swift; path = ButtonTestTests.swift; sourceTree = "<group>"; };
		EB83D0691A9F801A0082AFEB /* Buttons.swift */ = {isa = PBXFileReference; fileEncoding = 4; lastKnownFileType = sourcecode.swift; name = Buttons.swift; path = ../Buttons.swift; sourceTree = "<group>"; };
/* End PBXFileReference section */

/* Begin PBXFrameworksBuildPhase section */
		EB83D0361A9F7B9A0082AFEB /* Frameworks */ = {
			isa = PBXFrameworksBuildPhase;
			buildActionMask = 2147483647;
			files = (
			);
			runOnlyForDeploymentPostprocessing = 0;
		};
		EB83D04B1A9F7B9A0082AFEB /* Frameworks */ = {
			isa = PBXFrameworksBuildPhase;
			buildActionMask = 2147483647;
			files = (
			);
			runOnlyForDeploymentPostprocessing = 0;
		};
/* End PBXFrameworksBuildPhase section */

/* Begin PBXGroup section */
		EB83D0301A9F7B9A0082AFEB = {
			isa = PBXGroup;
			children = (
				EB83D0691A9F801A0082AFEB /* Buttons.swift */,
				EB83D03B1A9F7B9A0082AFEB /* ButtonTest */,
				EB83D0511A9F7B9A0082AFEB /* ButtonTestTests */,
				EB83D03A1A9F7B9A0082AFEB /* Products */,
			);
			sourceTree = "<group>";
		};
		EB83D03A1A9F7B9A0082AFEB /* Products */ = {
			isa = PBXGroup;
			children = (
				EB83D0391A9F7B9A0082AFEB /* ButtonTest.app */,
				EB83D04E1A9F7B9A0082AFEB /* ButtonTestTests.xctest */,
			);
			name = Products;
			sourceTree = "<group>";
		};
		EB83D03B1A9F7B9A0082AFEB /* ButtonTest */ = {
			isa = PBXGroup;
			children = (
				EB83D03E1A9F7B9A0082AFEB /* AppDelegate.swift */,
				EB83D0401A9F7B9A0082AFEB /* ViewController.swift */,
				EB83D0421A9F7B9A0082AFEB /* Main.storyboard */,
				EB83D0451A9F7B9A0082AFEB /* Images.xcassets */,
				EB83D0471A9F7B9A0082AFEB /* LaunchScreen.xib */,
				EB83D03C1A9F7B9A0082AFEB /* Supporting Files */,
			);
			path = ButtonTest;
			sourceTree = "<group>";
		};
		EB83D03C1A9F7B9A0082AFEB /* Supporting Files */ = {
			isa = PBXGroup;
			children = (
				EB83D03D1A9F7B9A0082AFEB /* Info.plist */,
			);
			name = "Supporting Files";
			sourceTree = "<group>";
		};
		EB83D0511A9F7B9A0082AFEB /* ButtonTestTests */ = {
			isa = PBXGroup;
			children = (
				EB83D0541A9F7B9A0082AFEB /* ButtonTestTests.swift */,
				EB83D0521A9F7B9A0082AFEB /* Supporting Files */,
			);
			path = ButtonTestTests;
			sourceTree = "<group>";
		};
		EB83D0521A9F7B9A0082AFEB /* Supporting Files */ = {
			isa = PBXGroup;
			children = (
				EB83D0531A9F7B9A0082AFEB /* Info.plist */,
			);
			name = "Supporting Files";
			sourceTree = "<group>";
		};
/* End PBXGroup section */

/* Begin PBXNativeTarget section */
		EB83D0381A9F7B9A0082AFEB /* ButtonTest */ = {
			isa = PBXNativeTarget;
			buildConfigurationList = EB83D0581A9F7B9A0082AFEB /* Build configuration list for PBXNativeTarget "ButtonTest" */;
			buildPhases = (
				EB83D0351A9F7B9A0082AFEB /* Sources */,
				EB83D0361A9F7B9A0082AFEB /* Frameworks */,
				EB83D0371A9F7B9A0082AFEB /* Resources */,
			);
			buildRules = (
			);
			dependencies = (
			);
			name = ButtonTest;
			productName = ButtonTest;
			productReference = EB83D0391A9F7B9A0082AFEB /* ButtonTest.app */;
			productType = "com.apple.product-type.application";
		};
		EB83D04D1A9F7B9A0082AFEB /* ButtonTestTests */ = {
			isa = PBXNativeTarget;
			buildConfigurationList = EB83D05B1A9F7B9A0082AFEB /* Build configuration list for PBXNativeTarget "ButtonTestTests" */;
			buildPhases = (
				EB83D04A1A9F7B9A0082AFEB /* Sources */,
				EB83D04B1A9F7B9A0082AFEB /* Frameworks */,
				EB83D04C1A9F7B9A0082AFEB /* Resources */,
			);
			buildRules = (
			);
			dependencies = (
				EB83D0501A9F7B9A0082AFEB /* PBXTargetDependency */,
			);
			name = ButtonTestTests;
			productName = ButtonTestTests;
			productReference = EB83D04E1A9F7B9A0082AFEB /* ButtonTestTests.xctest */;
			productType = "com.apple.product-type.bundle.unit-test";
		};
/* End PBXNativeTarget section */

/* Begin PBXProject section */
		EB83D0311A9F7B9A0082AFEB /* Project object */ = {
			isa = PBXProject;
			attributes = {
				LastUpgradeCheck = 0610;
				ORGANIZATIONNAME = borusoft;
				TargetAttributes = {
					EB83D0381A9F7B9A0082AFEB = {
						CreatedOnToolsVersion = 6.1.1;
					};
					EB83D04D1A9F7B9A0082AFEB = {
						CreatedOnToolsVersion = 6.1.1;
						TestTargetID = EB83D0381A9F7B9A0082AFEB;
					};
				};
			};
			buildConfigurationList = EB83D0341A9F7B9A0082AFEB /* Build configuration list for PBXProject "ButtonTest" */;
			compatibilityVersion = "Xcode 3.2";
			developmentRegion = English;
			hasScannedForEncodings = 0;
			knownRegions = (
				en,
				Base,
			);
			mainGroup = EB83D0301A9F7B9A0082AFEB;
			productRefGroup = EB83D03A1A9F7B9A0082AFEB /* Products */;
			projectDirPath = "";
			projectRoot = "";
			targets = (
				EB83D0381A9F7B9A0082AFEB /* ButtonTest */,
				EB83D04D1A9F7B9A0082AFEB /* ButtonTestTests */,
			);
		};
/* End PBXProject section */

/* Begin PBXResourcesBuildPhase section */
		EB83D0371A9F7B9A0082AFEB /* Resources */ = {
			isa = PBXResourcesBuildPhase;
			buildActionMask = 2147483647;
			files = (
				EB83D0441A9F7B9A0082AFEB /* Main.storyboard in Resources */,
				EB83D0491A9F7B9A0082AFEB /* LaunchScreen.xib in Resources */,
				EB83D0461A9F7B9A0082AFEB /* Images.xcassets in Resources */,
			);
			runOnlyForDeploymentPostprocessing = 0;
		};
		EB83D04C1A9F7B9A0082AFEB /* Resources */ = {
			isa = PBXResourcesBuildPhase;
			buildActionMask = 2147483647;
			files = (
			);
			runOnlyForDeploymentPostprocessing = 0;
		};
/* End PBXResourcesBuildPhase section */

/* Begin PBXSourcesBuildPhase section */
		EB83D0351A9F7B9A0082AFEB /* Sources */ = {
			isa = PBXSourcesBuildPhase;
			buildActionMask = 2147483647;
			files = (
				EB83D06A1A9F801A0082AFEB /* Buttons.swift in Sources */,
				EB83D0411A9F7B9A0082AFEB /* ViewController.swift in Sources */,
				EB83D03F1A9F7B9A0082AFEB /* AppDelegate.swift in Sources */,
			);
			runOnlyForDeploymentPostprocessing = 0;
		};
		EB83D04A1A9F7B9A0082AFEB /* Sources */ = {
			isa = PBXSourcesBuildPhase;
			buildActionMask = 2147483647;
			files = (
				EB83D0551A9F7B9A0082AFEB /* ButtonTestTests.swift in Sources */,
			);
			runOnlyForDeploymentPostprocessing = 0;
		};
/* End PBXSourcesBuildPhase section */

/* Begin PBXTargetDependency section */
		EB83D0501A9F7B9A0082AFEB /* PBXTargetDependency */ = {
			isa = PBXTargetDependency;
			target = EB83D0381A9F7B9A0082AFEB /* ButtonTest */;
			targetProxy = EB83D04F1A9F7B9A0082AFEB /* PBXContainerItemProxy */;
		};
/* End PBXTargetDependency section */

/* Begin PBXVariantGroup section */
		EB83D0421A9F7B9A0082AFEB /* Main.storyboard */ = {
			isa = PBXVariantGroup;
			children = (
				EB83D0431A9F7B9A0082AFEB /* Base */,
			);
			name = Main.storyboard;
			sourceTree = "<group>";
		};
		EB83D0471A9F7B9A0082AFEB /* LaunchScreen.xib */ = {
			isa = PBXVariantGroup;
			children = (
				EB83D0481A9F7B9A0082AFEB /* Base */,
			);
			name = LaunchScreen.xib;
			sourceTree = "<group>";
		};
/* End PBXVariantGroup section */

/* Begin XCBuildConfiguration section */
		EB83D0561A9F7B9A0082AFEB /* Debug */ = {
			isa = XCBuildConfiguration;
			buildSettings = {
				ALWAYS_SEARCH_USER_PATHS = NO;
				CLANG_CXX_LANGUAGE_STANDARD = "gnu++0x";
				CLANG_CXX_LIBRARY = "libc++";
				CLANG_ENABLE_MODULES = YES;
				CLANG_ENABLE_OBJC_ARC = YES;
				CLANG_WARN_BOOL_CONVERSION = YES;
				CLANG_WARN_CONSTANT_CONVERSION = YES;
				CLANG_WARN_DIRECT_OBJC_ISA_USAGE = YES_ERROR;
				CLANG_WARN_EMPTY_BODY = YES;
				CLANG_WARN_ENUM_CONVERSION = YES;
				CLANG_WARN_INT_CONVERSION = YES;
				CLANG_WARN_OBJC_ROOT_CLASS = YES_ERROR;
				CLANG_WARN_UNREACHABLE_CODE = YES;
				CLANG_WARN__DUPLICATE_METHOD_MATCH = YES;
				"CODE_SIGN_IDENTITY[sdk=iphoneos*]" = "iPhone Developer";
				COPY_PHASE_STRIP = NO;
				ENABLE_STRICT_OBJC_MSGSEND = YES;
				GCC_C_LANGUAGE_STANDARD = gnu99;
				GCC_DYNAMIC_NO_PIC = NO;
				GCC_OPTIMIZATION_LEVEL = 0;
				GCC_PREPROCESSOR_DEFINITIONS = (
					"DEBUG=1",
					"$(inherited)",
				);
				GCC_SYMBOLS_PRIVATE_EXTERN = NO;
				GCC_WARN_64_TO_32_BIT_CONVERSION = YES;
				GCC_WARN_ABOUT_RETURN_TYPE = YES_ERROR;
				GCC_WARN_UNDECLARED_SELECTOR = YES;
				GCC_WARN_UNINITIALIZED_AUTOS = YES_AGGRESSIVE;
				GCC_WARN_UNUSED_FUNCTION = YES;
				GCC_WARN_UNUSED_VARIABLE = YES;
				IPHONEOS_DEPLOYMENT_TARGET = 8.1;
				MTL_ENABLE_DEBUG_INFO = YES;
				ONLY_ACTIVE_ARCH = YES;
				SDKROOT = iphoneos;
				SWIFT_OPTIMIZATION_LEVEL = "-Onone";
				TARGETED_DEVICE_FAMILY = "1,2";
			};
			name = Debug;
		};
		EB83D0571A9F7B9A0082AFEB /* Release */ = {
			isa = XCBuildConfiguration;
			buildSettings = {
				ALWAYS_SEARCH_USER_PATHS = NO;
				CLANG_CXX_LANGUAGE_STANDARD = "gnu++0x";
				CLANG_CXX_LIBRARY = "libc++";
				CLANG_ENABLE_MODULES = YES;
				CLANG_ENABLE_OBJC_ARC = YES;
				CLANG_WARN_BOOL_CONVERSION = YES;
				CLANG_WARN_CONSTANT_CONVERSION = YES;
				CLANG_WARN_DIRECT_OBJC_ISA_USAGE = YES_ERROR;
				CLANG_WARN_EMPTY_BODY = YES;
				CLANG_WARN_ENUM_CONVERSION = YES;
				CLANG_WARN_INT_CONVERSION = YES;
				CLANG_WARN_OBJC_ROOT_CLASS = YES_ERROR;
				CLANG_WARN_UNREACHABLE_CODE = YES;
				CLANG_WARN__DUPLICATE_METHOD_MATCH = YES;
				"CODE_SIGN_IDENTITY[sdk=iphoneos*]" = "iPhone Developer";
				COPY_PHASE_STRIP = YES;
				ENABLE_NS_ASSERTIONS = NO;
				ENABLE_STRICT_OBJC_MSGSEND = YES;
				GCC_C_LANGUAGE_STANDARD = gnu99;
				GCC_WARN_64_TO_32_BIT_CONVERSION = YES;
				GCC_WARN_ABOUT_RETURN_TYPE = YES_ERROR;
				GCC_WARN_UNDECLARED_SELECTOR = YES;
				GCC_WARN_UNINITIALIZED_AUTOS = YES_AGGRESSIVE;
				GCC_WARN_UNUSED_FUNCTION = YES;
				GCC_WARN_UNUSED_VARIABLE = YES;
				IPHONEOS_DEPLOYMENT_TARGET = 8.1;
				MTL_ENABLE_DEBUG_INFO = NO;
				SDKROOT = iphoneos;
				TARGETED_DEVICE_FAMILY = "1,2";
				VALIDATE_PRODUCT = YES;
			};
			name = Release;
		};
		EB83D0591A9F7B9A0082AFEB /* Debug */ = {
			isa = XCBuildConfiguration;
			buildSettings = {
				ASSETCATALOG_COMPILER_APPICON_NAME = AppIcon;
				INFOPLIST_FILE = ButtonTest/Info.plist;
				LD_RUNPATH_SEARCH_PATHS = "$(inherited) @executable_path/Frameworks";
				PRODUCT_NAME = "$(TARGET_NAME)";
			};
			name = Debug;
		};
		EB83D05A1A9F7B9A0082AFEB /* Release */ = {
			isa = XCBuildConfiguration;
			buildSettings = {
				ASSETCATALOG_COMPILER_APPICON_NAME = AppIcon;
				INFOPLIST_FILE = ButtonTest/Info.plist;
				LD_RUNPATH_SEARCH_PATHS = "$(inherited) @executable_path/Frameworks";
				PRODUCT_NAME = "$(TARGET_NAME)";
			};
			name = Release;
		};
		EB83D05C1A9F7B9A0082AFEB /* Debug */ = {
			isa = XCBuildConfiguration;
			buildSettings = {
				BUNDLE_LOADER = "$(TEST_HOST)";
				FRAMEWORK_SEARCH_PATHS = (
					"$(SDKROOT)/Developer/Library/Frameworks",
					"$(inherited)",
				);
				GCC_PREPROCESSOR_DEFINITIONS = (
					"DEBUG=1",
					"$(inherited)",
				);
				INFOPLIST_FILE = ButtonTestTests/Info.plist;
				LD_RUNPATH_SEARCH_PATHS = "$(inherited) @executable_path/Frameworks @loader_path/Frameworks";
				PRODUCT_NAME = "$(TARGET_NAME)";
				TEST_HOST = "$(BUILT_PRODUCTS_DIR)/ButtonTest.app/ButtonTest";
			};
			name = Debug;
		};
		EB83D05D1A9F7B9A0082AFEB /* Release */ = {
			isa = XCBuildConfiguration;
			buildSettings = {
				BUNDLE_LOADER = "$(TEST_HOST)";
				FRAMEWORK_SEARCH_PATHS = (
					"$(SDKROOT)/Developer/Library/Frameworks",
					"$(inherited)",
				);
				INFOPLIST_FILE = ButtonTestTests/Info.plist;
				LD_RUNPATH_SEARCH_PATHS = "$(inherited) @executable_path/Frameworks @loader_path/Frameworks";
				PRODUCT_NAME = "$(TARGET_NAME)";
				TEST_HOST = "$(BUILT_PRODUCTS_DIR)/ButtonTest.app/ButtonTest";
			};
			name = Release;
		};
/* End XCBuildConfiguration section */

/* Begin XCConfigurationList section */
		EB83D0341A9F7B9A0082AFEB /* Build configuration list for PBXProject "ButtonTest" */ = {
			isa = XCConfigurationList;
			buildConfigurations = (
				EB83D0561A9F7B9A0082AFEB /* Debug */,
				EB83D0571A9F7B9A0082AFEB /* Release */,
			);
			defaultConfigurationIsVisible = 0;
			defaultConfigurationName = Release;
		};
		EB83D0581A9F7B9A0082AFEB /* Build configuration list for PBXNativeTarget "ButtonTest" */ = {
			isa = XCConfigurationList;
			buildConfigurations = (
				EB83D0591A9F7B9A0082AFEB /* Debug */,
				EB83D05A1A9F7B9A0082AFEB /* Release */,
			);
			defaultConfigurationIsVisible = 0;
		};
		EB83D05B1A9F7B9A0082AFEB /* Build configuration list for PBXNativeTarget "ButtonTestTests" */ = {
			isa = XCConfigurationList;
			buildConfigurations = (
				EB83D05C1A9F7B9A0082AFEB /* Debug */,
				EB83D05D1A9F7B9A0082AFEB /* Release */,
			);
			defaultConfigurationIsVisible = 0;
		};
/* End XCConfigurationList section */
	};
	rootObject = EB83D0311A9F7B9A0082AFEB /* Project object */;
}
